
Microsoft Visual Studio Solution File, Format Version 12.00
# Visual Studio Version 17
VisualStudioVersion = 17.14.35906.104 d17.14
MinimumVisualStudioVersion = 10.0.40219.1
Project("{FAE04EC0-301F-11D3-BF4B-00C04F79EFBC}") = "Cookpedia", "Cookpedia.csproj", "{5B89539A-ADF2-40F6-9EA9-1491203DC6B9}"
EndProject
Global
	GlobalSection(SolutionConfigurationPlatforms) = preSolution
		Debug|Any CPU = Debug|Any CPU
		Release|Any CPU = Release|Any CPU
	EndGlobalSection
	GlobalSection(ProjectConfigurationPlatforms) = postSolution
		{5B89539A-ADF2-40F6-9EA9-1491203DC6B9}.Debug|Any CPU.ActiveCfg = Debug|Any CPU
		{5B89539A-ADF2-40F6-9EA9-1491203DC6B9}.Debug|Any CPU.Build.0 = Debug|Any CPU
		{5B89539A-ADF2-40F6-9EA9-1491203DC6B9}.Release|Any CPU.ActiveCfg = Release|Any CPU
		{5B89539A-ADF2-40F6-9EA9-1491203DC6B9}.Release|Any CPU.Build.0 = Release|Any CPU
	EndGlobalSection
	GlobalSection(SolutionProperties) = preSolution
		HideSolutionNode = FALSE
	EndGlobalSection
	GlobalSection(ExtensibilityGlobals) = postSolution
		SolutionGuid = {D538A589-3EA2-4367-8690-14AFE61A8F54}
	EndGlobalSection
EndGlobal
